
Microsoft Visual Studio Solution File, Format Version 12.00
# Visual Studio Version 17
VisualStudioVersion = 17.14.36915.13 d17.14
MinimumVisualStudioVersion = 10.0.40219.1
Project("{FAE04EC0-301F-11D3-BF4B-00C04F79EFBC}") = "MarShield.API", "MarShield.API.csproj", "{3D32821E-2025-45D4-9213-CF655A83DC32}"
EndProject
Global
	GlobalSection(SolutionConfigurationPlatforms) = preSolution
		Debug|Any CPU = Debug|Any CPU
		Release|Any CPU = Release|Any CPU
	EndGlobalSection
	GlobalSection(ProjectConfigurationPlatforms) = postSolution
		{3D32821E-2025-45D4-9213-CF655A83DC32}.Debug|Any CPU.ActiveCfg = Debug|Any CPU
		{3D32821E-2025-45D4-9213-CF655A83DC32}.Debug|Any CPU.Build.0 = Debug|Any CPU
		{3D32821E-2025-45D4-9213-CF655A83DC32}.Release|Any CPU.ActiveCfg = Release|Any CPU
		{3D32821E-2025-45D4-9213-CF655A83DC32}.Release|Any CPU.Build.0 = Release|Any CPU
	EndGlobalSection
	GlobalSection(SolutionProperties) = preSolution
		HideSolutionNode = FALSE
	EndGlobalSection
	GlobalSection(ExtensibilityGlobals) = postSolution
		SolutionGuid = {F1ADC770-37AF-405F-9572-70C9F7EA5558}
	EndGlobalSection
EndGlobal
